
Microsoft Visual Studio Solution File, Format Version 12.00
# Visual Studio Version 17
VisualStudioVersion = 17.4.33213.308
MinimumVisualStudioVersion = 10.0.40219.1
Project("{FAE04EC0-301F-11D3-BF4B-00C04F79EFBC}") = "API", "API\API.csproj", "{69DBD1CF-B11A-4A9A-8D53-23127DC8076E}"
EndProject
Project("{FAE04EC0-301F-11D3-BF4B-00C04F79EFBC}") = "Service", "Service\Service.csproj", "{82B97E52-15E7-46A8-ABF6-482DC3993D02}"
EndProject
Global
	GlobalSection(SolutionConfigurationPlatforms) = preSolution
		Debug|Any CPU = Debug|Any CPU
		Release|Any CPU = Release|Any CPU
	EndGlobalSection
	GlobalSection(ProjectConfigurationPlatforms) = postSolution
		{69DBD1CF-B11A-4A9A-8D53-23127DC8076E}.Debug|Any CPU.ActiveCfg = Debug|Any CPU
		{69DBD1CF-B11A-4A9A-8D53-23127DC8076E}.Debug|Any CPU.Build.0 = Debug|Any CPU
		{69DBD1CF-B11A-4A9A-8D53-23127DC8076E}.Release|Any CPU.ActiveCfg = Release|Any CPU
		{69DBD1CF-B11A-4A9A-8D53-23127DC8076E}.Release|Any CPU.Build.0 = Release|Any CPU
		{82B97E52-15E7-46A8-ABF6-482DC3993D02}.Debug|Any CPU.ActiveCfg = Debug|Any CPU
		{82B97E52-15E7-46A8-ABF6-482DC3993D02}.Debug|Any CPU.Build.0 = Debug|Any CPU
		{82B97E52-15E7-46A8-ABF6-482DC3993D02}.Release|Any CPU.ActiveCfg = Release|Any CPU
		{82B97E52-15E7-46A8-ABF6-482DC3993D02}.Release|Any CPU.Build.0 = Release|Any CPU
	EndGlobalSection
	GlobalSection(SolutionProperties) = preSolution
		HideSolutionNode = FALSE
	EndGlobalSection
	GlobalSection(ExtensibilityGlobals) = postSolution
		SolutionGuid = {6C92024D-312E-4861-83C1-5506DFD0BED0}
	EndGlobalSection
EndGlobal
